
Microsoft Visual Studio Solution File, Format Version 12.00
# Visual Studio 2012
Project("{FAE04EC0-301F-11D3-BF4B-00C04F79EFBC}") = "pwr-algorithms", "pwr-algorithms\pwr-algorithms.csproj", "{173C7484-3CC0-4ABA-8D53-8EFBD3F33729}"
EndProject
Project("{FAE04EC0-301F-11D3-BF4B-00C04F79EFBC}") = "pwr-algorithms.test", "pwr-algorithms.test\pwr-algorithms.test.csproj", "{12F2BDF9-8C89-415B-AAC5-12311BB77B44}"
EndProject
Project("{2150E333-8FDC-42A3-9474-1A3956D46DE8}") = ".nuget", ".nuget", "{D621D27D-5861-4EC2-87C2-F6BEF829FFD4}"
	ProjectSection(SolutionItems) = preProject
		.nuget\NuGet.Config = .nuget\NuGet.Config
		.nuget\NuGet.exe = .nuget\NuGet.exe
		.nuget\NuGet.targets = .nuget\NuGet.targets
	EndProjectSection
EndProject
Global
	GlobalSection(SolutionConfigurationPlatforms) = preSolution
		Debug|Any CPU = Debug|Any CPU
		Release|Any CPU = Release|Any CPU
	EndGlobalSection
	GlobalSection(ProjectConfigurationPlatforms) = postSolution
		{173C7484-3CC0-4ABA-8D53-8EFBD3F33729}.Debug|Any CPU.ActiveCfg = Debug|Any CPU
		{173C7484-3CC0-4ABA-8D53-8EFBD3F33729}.Debug|Any CPU.Build.0 = Debug|Any CPU
		{173C7484-3CC0-4ABA-8D53-8EFBD3F33729}.Release|Any CPU.ActiveCfg = Release|Any CPU
		{173C7484-3CC0-4ABA-8D53-8EFBD3F33729}.Release|Any CPU.Build.0 = Release|Any CPU
		{12F2BDF9-8C89-415B-AAC5-12311BB77B44}.Debug|Any CPU.ActiveCfg = Debug|Any CPU
		{12F2BDF9-8C89-415B-AAC5-12311BB77B44}.Debug|Any CPU.Build.0 = Debug|Any CPU
		{12F2BDF9-8C89-415B-AAC5-12311BB77B44}.Release|Any CPU.ActiveCfg = Release|Any CPU
		{12F2BDF9-8C89-415B-AAC5-12311BB77B44}.Release|Any CPU.Build.0 = Release|Any CPU
	EndGlobalSection
	GlobalSection(SolutionProperties) = preSolution
		HideSolutionNode = FALSE
	EndGlobalSection
EndGlobal
